{
    "version": 3,
    "terraform_version": "0.9.2",
    "serial": 25,
    "lineage": "9c4bdb97-9f63-4b17-acbd-d84dc9f1fb86",
    "modules": [
        {
            "path": [
                "root"
            ],
            "outputs": {
                "backends": {
                    "sensitive": false,
                    "type": "string",
                    "value": "http://192.168.1.11:5000\nhttp://192.168.1.12:5000\nhttp://192.168.1.13:5000"
                },
                "frontend": {
                    "sensitive": false,
                    "type": "string",
                    "value": "http://217.182.90.5"
                }
            },
            "resources": {
                "data.template_file.frontend_user_data": {
                    "type": "template_file",
                    "depends_on": [
                        "openstack_compute_instance_v2.backends.*",
                        "openstack_compute_instance_v2.backends.*"
                    ],
                    "primary": {
                        "id": "a834cb5255c333b64dc2df6b185b85d108553c85eea080889a326a0bb86945ff",
                        "attributes": {
                            "id": "a834cb5255c333b64dc2df6b185b85d108553c85eea080889a326a0bb86945ff",
                            "rendered": "#!/bin/bash\n\napt-get update\napt-get -y install git haproxy vim\n\ncat \u003c\u003cEOF \u003e /etc/haproxy/haproxy.cfg\nglobal\n    log /dev/log    local0\n    log /dev/log    local1 notice\n    chroot /var/lib/haproxy\n    stats socket /run/haproxy/admin.sock mode 660 level admin\n    stats timeout 30s\n    user haproxy\n    group haproxy\n    daemon\n\n    # Default SSL material locations\n    ca-base /etc/ssl/certs\n    crt-base /etc/ssl/private\n\n    # Default ciphers to use on SSL-enabled listening sockets.\n    # For more information, see ciphers(1SSL). This list is from:\n    #  https://hynek.me/articles/hardening-your-web-servers-ssl-ciphers/\n    ssl-default-bind-ciphers ECDH+AESGCM:DH+AESGCM:ECDH+AES256:DH+AES256:ECDH+AES128:DH+AES:ECDH+3DES:DH+3DES:RSA+AESGCM:RSA+AES:RSA+3DES:!aNULL:!MD5:!DSS\n    ssl-default-bind-options no-sslv3\n\ndefaults\n    log     global\n    mode    http\n    option  httplog\n    option  dontlognull\n    timeout connect 5000\n    timeout client  50000\n    timeout server  50000\n    errorfile 400 /etc/haproxy/errors/400.http\n    errorfile 403 /etc/haproxy/errors/403.http\n    errorfile 408 /etc/haproxy/errors/408.http\n    errorfile 500 /etc/haproxy/errors/500.http\n    errorfile 502 /etc/haproxy/errors/502.http\n    errorfile 503 /etc/haproxy/errors/503.http\n    errorfile 504 /etc/haproxy/errors/504.http\n\nlisten http-in\n    bind *:80\n    server backend-01 192.168.1.11:5000\n    server backend-02 192.168.1.12:5000\n    server backend-03 192.168.1.13:5000\n\nEOF\n\nservice haproxy restart\n",
                            "template": "#!/bin/bash\n\napt-get update\napt-get -y install git haproxy vim\n\ncat \u003c\u003cEOF \u003e /etc/haproxy/haproxy.cfg\nglobal\n    log /dev/log    local0\n    log /dev/log    local1 notice\n    chroot /var/lib/haproxy\n    stats socket /run/haproxy/admin.sock mode 660 level admin\n    stats timeout 30s\n    user haproxy\n    group haproxy\n    daemon\n\n    # Default SSL material locations\n    ca-base /etc/ssl/certs\n    crt-base /etc/ssl/private\n\n    # Default ciphers to use on SSL-enabled listening sockets.\n    # For more information, see ciphers(1SSL). This list is from:\n    #  https://hynek.me/articles/hardening-your-web-servers-ssl-ciphers/\n    ssl-default-bind-ciphers ECDH+AESGCM:DH+AESGCM:ECDH+AES256:DH+AES256:ECDH+AES128:DH+AES:ECDH+3DES:DH+3DES:RSA+AESGCM:RSA+AES:RSA+3DES:!aNULL:!MD5:!DSS\n    ssl-default-bind-options no-sslv3\n\ndefaults\n    log     global\n    mode    http\n    option  httplog\n    option  dontlognull\n    timeout connect 5000\n    timeout client  50000\n    timeout server  50000\n    errorfile 400 /etc/haproxy/errors/400.http\n    errorfile 403 /etc/haproxy/errors/403.http\n    errorfile 408 /etc/haproxy/errors/408.http\n    errorfile 500 /etc/haproxy/errors/500.http\n    errorfile 502 /etc/haproxy/errors/502.http\n    errorfile 503 /etc/haproxy/errors/503.http\n    errorfile 504 /etc/haproxy/errors/504.http\n\nlisten http-in\n    bind *:80\n${nodes}\n\nEOF\n\nservice haproxy restart\n",
                            "vars.%": "1",
                            "vars.nodes": "    server backend-01 192.168.1.11:5000\n    server backend-02 192.168.1.12:5000\n    server backend-03 192.168.1.13:5000"
                        },
                        "meta": {},
                        "tainted": false
                    },
                    "deposed": [],
                    "provider": ""
                },
                "openstack_compute_instance_v2.backends.0": {
                    "type": "openstack_compute_instance_v2",
                    "depends_on": [
                        "openstack_compute_instance_v2.router"
                    ],
                    "primary": {
                        "id": "20759a0d-bcfd-43e8-b145-e381fb1fd751",
                        "attributes": {
                            "access_ip_v4": "192.168.1.11",
                            "access_ip_v6": "",
                            "all_metadata.%": "0",
                            "availability_zone": "nova",
                            "flavor_id": "fe66c25e-b8c3-44c1-9cb9-c87dddfed75c",
                            "flavor_name": "c2-7",
                            "force_delete": "false",
                            "id": "20759a0d-bcfd-43e8-b145-e381fb1fd751",
                            "image_id": "8f6a5b6b-68c7-496a-b3c3-09c0f23b9abc",
                            "image_name": "Debian 8",
                            "key_pair": "cat-arnaud-ovh",
                            "name": "backend-01",
                            "network.#": "1",
                            "network.0.access_network": "false",
                            "network.0.fixed_ip_v4": "192.168.1.11",
                            "network.0.fixed_ip_v6": "",
                            "network.0.floating_ip": "",
                            "network.0.mac": "fa:16:3e:22:3c:08",
                            "network.0.name": "VLAN",
                            "network.0.port": "",
                            "network.0.uuid": "abf47637-3e12-4c48-9ba2-8a7884a55311",
                            "region": "SBG3",
                            "security_groups.#": "1",
                            "security_groups.3814588639": "default",
                            "stop_before_destroy": "false",
                            "user_data": "c90040598f95458ad8ac4159c70913cd4de15a30",
                            "volume.#": "0"
                        },
                        "meta": {
                            "e2bfb730-ecaa-11e6-8f88-34363bc7c4c0": {
                                "create": 1800000000000,
                                "delete": 1800000000000,
                                "update": 1800000000000
                            }
                        },
                        "tainted": false
                    },
                    "deposed": [],
                    "provider": ""
                },
                "openstack_compute_instance_v2.backends.1": {
                    "type": "openstack_compute_instance_v2",
                    "depends_on": [
                        "openstack_compute_instance_v2.router"
                    ],
                    "primary": {
                        "id": "c3c01796-ee94-4787-b617-b02afcc99387",
                        "attributes": {
                            "access_ip_v4": "192.168.1.12",
                            "access_ip_v6": "",
                            "all_metadata.%": "0",
                            "availability_zone": "nova",
                            "flavor_id": "01dcfa58-3521-453d-85bd-df164b27926c",
                            "flavor_name": "c2-7",
                            "force_delete": "false",
                            "id": "c3c01796-ee94-4787-b617-b02afcc99387",
                            "image_id": "0fa9a39c-755f-46b6-a14d-0141932b52be",
                            "image_name": "Debian 8",
                            "key_pair": "cat-arnaud-ovh",
                            "name": "backend-02",
                            "network.#": "1",
                            "network.0.access_network": "false",
                            "network.0.fixed_ip_v4": "192.168.1.12",
                            "network.0.fixed_ip_v6": "",
                            "network.0.floating_ip": "",
                            "network.0.mac": "fa:16:3e:68:dd:fa",
                            "network.0.name": "VLAN",
                            "network.0.port": "",
                            "network.0.uuid": "59c39165-12aa-4b7b-a7ab-e76a153741a9",
                            "region": "BHS3",
                            "security_groups.#": "1",
                            "security_groups.3814588639": "default",
                            "stop_before_destroy": "false",
                            "user_data": "c90040598f95458ad8ac4159c70913cd4de15a30",
                            "volume.#": "0"
                        },
                        "meta": {
                            "e2bfb730-ecaa-11e6-8f88-34363bc7c4c0": {
                                "create": 1800000000000,
                                "delete": 1800000000000,
                                "update": 1800000000000
                            }
                        },
                        "tainted": false
                    },
                    "deposed": [],
                    "provider": ""
                },
                "openstack_compute_instance_v2.backends.2": {
                    "type": "openstack_compute_instance_v2",
                    "depends_on": [
                        "openstack_compute_instance_v2.router"
                    ],
                    "primary": {
                        "id": "ee13d279-e6df-4692-bfb7-1f5a4cd35941",
                        "attributes": {
                            "access_ip_v4": "192.168.1.13",
                            "access_ip_v6": "",
                            "all_metadata.%": "0",
                            "availability_zone": "nova",
                            "flavor_id": "3ff106e4-92d9-4f6f-95b2-be88b70dbd05",
                            "flavor_name": "c2-7",
                            "force_delete": "false",
                            "id": "ee13d279-e6df-4692-bfb7-1f5a4cd35941",
                            "image_id": "1930afb6-b79c-46c0-b600-128a6ab8bffe",
                            "image_name": "Debian 8",
                            "key_pair": "cat-arnaud-ovh",
                            "name": "backend-03",
                            "network.#": "1",
                            "network.0.access_network": "false",
                            "network.0.fixed_ip_v4": "192.168.1.13",
                            "network.0.fixed_ip_v6": "",
                            "network.0.floating_ip": "",
                            "network.0.mac": "fa:16:3e:61:81:a2",
                            "network.0.name": "VLAN",
                            "network.0.port": "",
                            "network.0.uuid": "3dfc5b5c-9453-48ad-8cfb-a6f1c489b09c",
                            "region": "GRA3",
                            "security_groups.#": "1",
                            "security_groups.3814588639": "default",
                            "stop_before_destroy": "false",
                            "user_data": "c90040598f95458ad8ac4159c70913cd4de15a30",
                            "volume.#": "0"
                        },
                        "meta": {
                            "e2bfb730-ecaa-11e6-8f88-34363bc7c4c0": {
                                "create": 1800000000000,
                                "delete": 1800000000000,
                                "update": 1800000000000
                            }
                        },
                        "tainted": false
                    },
                    "deposed": [],
                    "provider": ""
                },
                "openstack_compute_instance_v2.frontend": {
                    "type": "openstack_compute_instance_v2",
                    "depends_on": [
                        "data.template_file.frontend_user_data"
                    ],
                    "primary": {
                        "id": "58f4a6e4-39bc-407b-b25b-10c3044d14d5",
                        "attributes": {
                            "access_ip_v4": "217.182.90.5",
                            "access_ip_v6": "[2001:41d0:401:2100::90e1]",
                            "all_metadata.%": "0",
                            "availability_zone": "nova",
                            "flavor_id": "fe66c25e-b8c3-44c1-9cb9-c87dddfed75c",
                            "flavor_name": "c2-7",
                            "force_delete": "false",
                            "id": "58f4a6e4-39bc-407b-b25b-10c3044d14d5",
                            "image_id": "8f6a5b6b-68c7-496a-b3c3-09c0f23b9abc",
                            "image_name": "Debian 8",
                            "key_pair": "cat-arnaud-ovh",
                            "name": "frontend",
                            "network.#": "2",
                            "network.0.access_network": "false",
                            "network.0.fixed_ip_v4": "217.182.90.5",
                            "network.0.fixed_ip_v6": "[2001:41d0:401:2100::90e1]",
                            "network.0.floating_ip": "",
                            "network.0.mac": "fa:16:3e:34:d3:99",
                            "network.0.name": "Ext-Net",
                            "network.0.port": "",
                            "network.0.uuid": "ae4fffbd-2cc5-4a34-965b-6b3920276ab3",
                            "network.1.access_network": "false",
                            "network.1.fixed_ip_v4": "192.168.1.13",
                            "network.1.fixed_ip_v6": "",
                            "network.1.floating_ip": "",
                            "network.1.mac": "fa:16:3e:c5:b7:79",
                            "network.1.name": "VLAN",
                            "network.1.port": "",
                            "network.1.uuid": "abf47637-3e12-4c48-9ba2-8a7884a55311",
                            "region": "SBG3",
                            "security_groups.#": "1",
                            "security_groups.3814588639": "default",
                            "stop_before_destroy": "false",
                            "user_data": "642ebbf4d6524336b7dd1057739a9953cd686c93",
                            "volume.#": "0"
                        },
                        "meta": {
                            "e2bfb730-ecaa-11e6-8f88-34363bc7c4c0": {
                                "create": 1800000000000,
                                "delete": 1800000000000,
                                "update": 1800000000000
                            }
                        },
                        "tainted": false
                    },
                    "deposed": [],
                    "provider": ""
                },
                "openstack_compute_instance_v2.router": {
                    "type": "openstack_compute_instance_v2",
                    "depends_on": [],
                    "primary": {
                        "id": "3c56b750-a305-49a8-be3a-bd6e0d56a0fc",
                        "attributes": {
                            "access_ip_v4": "217.182.90.52",
                            "access_ip_v6": "[2001:41d0:401:2100::90e4]",
                            "all_metadata.%": "0",
                            "availability_zone": "nova",
                            "flavor_id": "fe66c25e-b8c3-44c1-9cb9-c87dddfed75c",
                            "flavor_name": "c2-7",
                            "force_delete": "false",
                            "id": "3c56b750-a305-49a8-be3a-bd6e0d56a0fc",
                            "image_id": "8f6a5b6b-68c7-496a-b3c3-09c0f23b9abc",
                            "image_name": "Debian 8",
                            "key_pair": "cat-arnaud-ovh",
                            "name": "router",
                            "network.#": "2",
                            "network.0.access_network": "false",
                            "network.0.fixed_ip_v4": "217.182.90.52",
                            "network.0.fixed_ip_v6": "[2001:41d0:401:2100::90e4]",
                            "network.0.floating_ip": "",
                            "network.0.mac": "fa:16:3e:0a:38:57",
                            "network.0.name": "Ext-Net",
                            "network.0.port": "",
                            "network.0.uuid": "ae4fffbd-2cc5-4a34-965b-6b3920276ab3",
                            "network.1.access_network": "false",
                            "network.1.fixed_ip_v4": "192.168.1.1",
                            "network.1.fixed_ip_v6": "",
                            "network.1.floating_ip": "",
                            "network.1.mac": "fa:16:3e:54:d6:60",
                            "network.1.name": "VLAN",
                            "network.1.port": "",
                            "network.1.uuid": "abf47637-3e12-4c48-9ba2-8a7884a55311",
                            "region": "SBG3",
                            "security_groups.#": "1",
                            "security_groups.3814588639": "default",
                            "stop_before_destroy": "false",
                            "user_data": "a7c6cb456ecd2ca4e085ca041a755fd9e6a5e97c",
                            "volume.#": "0"
                        },
                        "meta": {
                            "e2bfb730-ecaa-11e6-8f88-34363bc7c4c0": {
                                "create": 1800000000000,
                                "delete": 1800000000000,
                                "update": 1800000000000
                            }
                        },
                        "tainted": false
                    },
                    "deposed": [],
                    "provider": ""
                },
                "openstack_compute_keypair_v2.keypairs.0": {
                    "type": "openstack_compute_keypair_v2",
                    "depends_on": [],
                    "primary": {
                        "id": "cat-arnaud-ovh",
                        "attributes": {
                            "id": "cat-arnaud-ovh",
                            "name": "cat-arnaud-ovh",
                            "public_key": "ssh-rsa AAAAB3NzaC1yc2EAAAADAQABAAACAQDOYsxhRRwC4+uKhJLuoPpNhf1jD97R/S5KnegmCF45QxnSbwfJq4XxBMLc8+BOqP1HLAIRW6HfdZMxkpVVi0aVdYSjJdtBA/9ImceqB0uvXP8Zhsivmr+/u/PB30bUS1/yblOAT62Hxu17KYv79g1FhJa3sJNQ5InzgDOUmLMCYczacMKpVQUFoj92zO3HSe0SXGSBh4++So4rcvD5Dywz6bmMbM/mtzSym95D53RwsJ/9a3CQa3BqIqoRNX/zjGS4C7tpqi1AlwFyBjJzOjqjwDYcTfune22DLnotMX06Salnhp1MZHuhffyUdu8Bkk3RjMiVtTwOECZGr59Ovj5aE2J/xPeDiCWg1J/ois0Zl4TeVipgWL9p/ULBtVS4LpFHO2GKy10rQfW10oYgclR+gfM9SEq3ZuKZmXHieNDUogHCW1oZRi1M3Z7hJEe6C5dmerx02cXb1CBp1OebmrKxQMBt8QtWpnKEE+74GEUbjyRI8oDGOzdTPhkvH6M1o7WyyWmxLwtFkuQkaKxa5lGju+LXJb9tnAyijjpH1h0BldWuEdfiijuIaRieDj1CBDDnn9Ukcjl1eYqGC0KX3M4rq5EIMHwZ8Nb4Lrb6SqUKWz2RYKKWIsT3rJFa3jKiUVzSODM8cGf0rFTKqXihCdqvfkdAYchKli1U6xaEZdl0zw==",
                            "region": "SBG3"
                        },
                        "meta": {},
                        "tainted": false
                    },
                    "deposed": [],
                    "provider": ""
                },
                "openstack_compute_keypair_v2.keypairs.1": {
                    "type": "openstack_compute_keypair_v2",
                    "depends_on": [],
                    "primary": {
                        "id": "cat-arnaud-ovh",
                        "attributes": {
                            "id": "cat-arnaud-ovh",
                            "name": "cat-arnaud-ovh",
                            "public_key": "ssh-rsa AAAAB3NzaC1yc2EAAAADAQABAAACAQDOYsxhRRwC4+uKhJLuoPpNhf1jD97R/S5KnegmCF45QxnSbwfJq4XxBMLc8+BOqP1HLAIRW6HfdZMxkpVVi0aVdYSjJdtBA/9ImceqB0uvXP8Zhsivmr+/u/PB30bUS1/yblOAT62Hxu17KYv79g1FhJa3sJNQ5InzgDOUmLMCYczacMKpVQUFoj92zO3HSe0SXGSBh4++So4rcvD5Dywz6bmMbM/mtzSym95D53RwsJ/9a3CQa3BqIqoRNX/zjGS4C7tpqi1AlwFyBjJzOjqjwDYcTfune22DLnotMX06Salnhp1MZHuhffyUdu8Bkk3RjMiVtTwOECZGr59Ovj5aE2J/xPeDiCWg1J/ois0Zl4TeVipgWL9p/ULBtVS4LpFHO2GKy10rQfW10oYgclR+gfM9SEq3ZuKZmXHieNDUogHCW1oZRi1M3Z7hJEe6C5dmerx02cXb1CBp1OebmrKxQMBt8QtWpnKEE+74GEUbjyRI8oDGOzdTPhkvH6M1o7WyyWmxLwtFkuQkaKxa5lGju+LXJb9tnAyijjpH1h0BldWuEdfiijuIaRieDj1CBDDnn9Ukcjl1eYqGC0KX3M4rq5EIMHwZ8Nb4Lrb6SqUKWz2RYKKWIsT3rJFa3jKiUVzSODM8cGf0rFTKqXihCdqvfkdAYchKli1U6xaEZdl0zw==",
                            "region": "BHS3"
                        },
                        "meta": {},
                        "tainted": false
                    },
                    "deposed": [],
                    "provider": ""
                },
                "openstack_compute_keypair_v2.keypairs.2": {
                    "type": "openstack_compute_keypair_v2",
                    "depends_on": [],
                    "primary": {
                        "id": "cat-arnaud-ovh",
                        "attributes": {
                            "id": "cat-arnaud-ovh",
                            "name": "cat-arnaud-ovh",
                            "public_key": "ssh-rsa AAAAB3NzaC1yc2EAAAADAQABAAACAQDOYsxhRRwC4+uKhJLuoPpNhf1jD97R/S5KnegmCF45QxnSbwfJq4XxBMLc8+BOqP1HLAIRW6HfdZMxkpVVi0aVdYSjJdtBA/9ImceqB0uvXP8Zhsivmr+/u/PB30bUS1/yblOAT62Hxu17KYv79g1FhJa3sJNQ5InzgDOUmLMCYczacMKpVQUFoj92zO3HSe0SXGSBh4++So4rcvD5Dywz6bmMbM/mtzSym95D53RwsJ/9a3CQa3BqIqoRNX/zjGS4C7tpqi1AlwFyBjJzOjqjwDYcTfune22DLnotMX06Salnhp1MZHuhffyUdu8Bkk3RjMiVtTwOECZGr59Ovj5aE2J/xPeDiCWg1J/ois0Zl4TeVipgWL9p/ULBtVS4LpFHO2GKy10rQfW10oYgclR+gfM9SEq3ZuKZmXHieNDUogHCW1oZRi1M3Z7hJEe6C5dmerx02cXb1CBp1OebmrKxQMBt8QtWpnKEE+74GEUbjyRI8oDGOzdTPhkvH6M1o7WyyWmxLwtFkuQkaKxa5lGju+LXJb9tnAyijjpH1h0BldWuEdfiijuIaRieDj1CBDDnn9Ukcjl1eYqGC0KX3M4rq5EIMHwZ8Nb4Lrb6SqUKWz2RYKKWIsT3rJFa3jKiUVzSODM8cGf0rFTKqXihCdqvfkdAYchKli1U6xaEZdl0zw==",
                            "region": "GRA3"
                        },
                        "meta": {},
                        "tainted": false
                    },
                    "deposed": [],
                    "provider": ""
                },
                "openstack_networking_subnet_v2.subnets.0": {
                    "type": "openstack_networking_subnet_v2",
                    "depends_on": [],
                    "primary": {
                        "id": "3358c0d0-a239-4384-90cb-dfda4adf4b36",
                        "attributes": {
                            "allocation_pools.#": "1",
                            "allocation_pools.0.end": "192.168.1.254",
                            "allocation_pools.0.start": "192.168.1.1",
                            "cidr": "192.168.1.0/24",
                            "dns_nameservers.#": "0",
                            "enable_dhcp": "true",
                            "gateway_ip": "",
                            "host_routes.#": "0",
                            "id": "3358c0d0-a239-4384-90cb-dfda4adf4b36",
                            "ip_version": "4",
                            "name": "subnet_SBG3",
                            "network_id": "abf47637-3e12-4c48-9ba2-8a7884a55311",
                            "no_gateway": "true",
                            "region": "SBG3",
                            "tenant_id": "0d899a6f76d74760a06919233ed0ec51"
                        },
                        "meta": {
                            "e2bfb730-ecaa-11e6-8f88-34363bc7c4c0": {
                                "create": 600000000000,
                                "delete": 600000000000
                            }
                        },
                        "tainted": false
                    },
                    "deposed": [],
                    "provider": ""
                },
                "openstack_networking_subnet_v2.subnets.1": {
                    "type": "openstack_networking_subnet_v2",
                    "depends_on": [],
                    "primary": {
                        "id": "1c5efff0-83f0-4644-8036-2d5f0f5ae33f",
                        "attributes": {
                            "allocation_pools.#": "1",
                            "allocation_pools.0.end": "192.168.1.254",
                            "allocation_pools.0.start": "192.168.1.1",
                            "cidr": "192.168.1.0/24",
                            "dns_nameservers.#": "0",
                            "enable_dhcp": "true",
                            "gateway_ip": "",
                            "host_routes.#": "0",
                            "id": "1c5efff0-83f0-4644-8036-2d5f0f5ae33f",
                            "ip_version": "4",
                            "name": "subnet_BHS3",
                            "network_id": "59c39165-12aa-4b7b-a7ab-e76a153741a9",
                            "no_gateway": "true",
                            "region": "BHS3",
                            "tenant_id": "0d899a6f76d74760a06919233ed0ec51"
                        },
                        "meta": {
                            "e2bfb730-ecaa-11e6-8f88-34363bc7c4c0": {
                                "create": 600000000000,
                                "delete": 600000000000
                            }
                        },
                        "tainted": false
                    },
                    "deposed": [],
                    "provider": ""
                },
                "openstack_networking_subnet_v2.subnets.2": {
                    "type": "openstack_networking_subnet_v2",
                    "depends_on": [],
                    "primary": {
                        "id": "0b5a74d6-6da7-40bf-9d61-3ef54625353d",
                        "attributes": {
                            "allocation_pools.#": "1",
                            "allocation_pools.0.end": "192.168.1.254",
                            "allocation_pools.0.start": "192.168.1.1",
                            "cidr": "192.168.1.0/24",
                            "dns_nameservers.#": "0",
                            "enable_dhcp": "true",
                            "gateway_ip": "",
                            "host_routes.#": "0",
                            "id": "0b5a74d6-6da7-40bf-9d61-3ef54625353d",
                            "ip_version": "4",
                            "name": "subnet_GRA3",
                            "network_id": "3dfc5b5c-9453-48ad-8cfb-a6f1c489b09c",
                            "no_gateway": "true",
                            "region": "GRA3",
                            "tenant_id": "0d899a6f76d74760a06919233ed0ec51"
                        },
                        "meta": {
                            "e2bfb730-ecaa-11e6-8f88-34363bc7c4c0": {
                                "create": 600000000000,
                                "delete": 600000000000
                            }
                        },
                        "tainted": false
                    },
                    "deposed": [],
                    "provider": ""
                }
            },
            "depends_on": []
        }
    ]
}
